// !$*UTF8*$!
{
	archiveVersion = 1;
	classes = {
	};
	objectVersion = 46;
	objects = {

/* Begin PBXBuildFile section */
		E93957B21CE46BB000E4725B /* main.m in Sources */ = {isa = PBXBuildFile; fileRef = E93957B11CE46BB000E4725B /* main.m */; };
		E93957BD1CE477FF00E4725B /* DealerClass.m in Sources */ = {isa = PBXBuildFile; fileRef = E93957BC1CE477FF00E4725B /* DealerClass.m */; };
		E93957C01CE4791D00E4725B /* CardClass.m in Sources */ = {isa = PBXBuildFile; fileRef = E93957BF1CE4791D00E4725B /* CardClass.m */; };
/* End PBXBuildFile section */

/* Begin PBXCopyFilesBuildPhase section */
		E93957AC1CE46BB000E4725B /* CopyFiles */ = {
			isa = PBXCopyFilesBuildPhase;
			buildActionMask = 2147483647;
			dstPath = /usr/share/man/man1/;
			dstSubfolderSpec = 0;
			files = (
			);
			runOnlyForDeploymentPostprocessing = 1;
		};
/* End PBXCopyFilesBuildPhase section */

/* Begin PBXFileReference section */
		E93957AE1CE46BB000E4725B /* MakeCardDeck */ = {isa = PBXFileReference; explicitFileType = "compiled.mach-o.executable"; includeInIndex = 0; path = MakeCardDeck; sourceTree = BUILT_PRODUCTS_DIR; };
		E93957B11CE46BB000E4725B /* main.m */ = {isa = PBXFileReference; lastKnownFileType = sourcecode.c.objc; path = main.m; sourceTree = "<group>"; };
		E93957BB1CE477FF00E4725B /* DealerClass.h */ = {isa = PBXFileReference; fileEncoding = 4; lastKnownFileType = sourcecode.c.h; path = DealerClass.h; sourceTree = "<group>"; };
		E93957BC1CE477FF00E4725B /* DealerClass.m */ = {isa = PBXFileReference; fileEncoding = 4; lastKnownFileType = sourcecode.c.objc; path = DealerClass.m; sourceTree = "<group>"; };
		E93957BE1CE4791D00E4725B /* CardClass.h */ = {isa = PBXFileReference; fileEncoding = 4; lastKnownFileType = sourcecode.c.h; path = CardClass.h; sourceTree = "<group>"; };
		E93957BF1CE4791D00E4725B /* CardClass.m */ = {isa = PBXFileReference; fileEncoding = 4; lastKnownFileType = sourcecode.c.objc; path = CardClass.m; sourceTree = "<group>"; };
/* End PBXFileReference section */

/* Begin PBXFrameworksBuildPhase section */
		E93957AB1CE46BB000E4725B /* Frameworks */ = {
			isa = PBXFrameworksBuildPhase;
			buildActionMask = 2147483647;
			files = (
			);
			runOnlyForDeploymentPostprocessing = 0;
		};
/* End PBXFrameworksBuildPhase section */

/* Begin PBXGroup section */
		E93957A51CE46BB000E4725B = {
			isa = PBXGroup;
			children = (
				E93957B01CE46BB000E4725B /* MakeCardDeck */,
				E93957AF1CE46BB000E4725B /* Products */,
			);
			sourceTree = "<group>";
		};
		E93957AF1CE46BB000E4725B /* Products */ = {
			isa = PBXGroup;
			children = (
				E93957AE1CE46BB000E4725B /* MakeCardDeck */,
			);
			name = Products;
			sourceTree = "<group>";
		};
		E93957B01CE46BB000E4725B /* MakeCardDeck */ = {
			isa = PBXGroup;
			children = (
				E93957B11CE46BB000E4725B /* main.m */,
				E93957BE1CE4791D00E4725B /* CardClass.h */,
				E93957BF1CE4791D00E4725B /* CardClass.m */,
				E93957BB1CE477FF00E4725B /* DealerClass.h */,
				E93957BC1CE477FF00E4725B /* DealerClass.m */,
			);
			path = MakeCardDeck;
			sourceTree = "<group>";
		};
/* End PBXGroup section */

/* Begin PBXNativeTarget section */
		E93957AD1CE46BB000E4725B /* MakeCardDeck */ = {
			isa = PBXNativeTarget;
			buildConfigurationList = E93957B51CE46BB000E4725B /* Build configuration list for PBXNativeTarget "MakeCardDeck" */;
			buildPhases = (
				E93957AA1CE46BB000E4725B /* Sources */,
				E93957AB1CE46BB000E4725B /* Frameworks */,
				E93957AC1CE46BB000E4725B /* CopyFiles */,
			);
			buildRules = (
			);
			dependencies = (
			);
			name = MakeCardDeck;
			productName = MakeCardDeck;
			productReference = E93957AE1CE46BB000E4725B /* MakeCardDeck */;
			productType = "com.apple.product-type.tool";
		};
/* End PBXNativeTarget section */

/* Begin PBXProject section */
		E93957A61CE46BB000E4725B /* Project object */ = {
			isa = PBXProject;
			attributes = {
				LastUpgradeCheck = 0720;
				ORGANIZATIONNAME = "Mijeong Jeon";
				TargetAttributes = {
					E93957AD1CE46BB000E4725B = {
						CreatedOnToolsVersion = 7.2.1;
					};
				};
			};
			buildConfigurationList = E93957A91CE46BB000E4725B /* Build configuration list for PBXProject "MakeCardDeck" */;
			compatibilityVersion = "Xcode 3.2";
			developmentRegion = English;
			hasScannedForEncodings = 0;
			knownRegions = (
				en,
			);
			mainGroup = E93957A51CE46BB000E4725B;
			productRefGroup = E93957AF1CE46BB000E4725B /* Products */;
			projectDirPath = "";
			projectRoot = "";
			targets = (
				E93957AD1CE46BB000E4725B /* MakeCardDeck */,
			);
		};
/* End PBXProject section */

/* Begin PBXSourcesBuildPhase section */
		E93957AA1CE46BB000E4725B /* Sources */ = {
			isa = PBXSourcesBuildPhase;
			buildActionMask = 2147483647;
			files = (
				E93957C01CE4791D00E4725B /* CardClass.m in Sources */,
				E93957B21CE46BB000E4725B /* main.m in Sources */,
				E93957BD1CE477FF00E4725B /* DealerClass.m in Sources */,
			);
			runOnlyForDeploymentPostprocessing = 0;
		};
/* End PBXSourcesBuildPhase section */

/* Begin XCBuildConfiguration section */
		E93957B31CE46BB000E4725B /* Debug */ = {
			isa = XCBuildConfiguration;
			buildSettings = {
				ALWAYS_SEARCH_USER_PATHS = NO;
				CLANG_CXX_LANGUAGE_STANDARD = "gnu++0x";
				CLANG_CXX_LIBRARY = "libc++";
				CLANG_ENABLE_MODULES = YES;
				CLANG_ENABLE_OBJC_ARC = YES;
				CLANG_WARN_BOOL_CONVERSION = YES;
				CLANG_WARN_CONSTANT_CONVERSION = YES;
				CLANG_WARN_DIRECT_OBJC_ISA_USAGE = YES_ERROR;
				CLANG_WARN_EMPTY_BODY = YES;
				CLANG_WARN_ENUM_CONVERSION = YES;
				CLANG_WARN_INT_CONVERSION = YES;
				CLANG_WARN_OBJC_ROOT_CLASS = YES_ERROR;
				CLANG_WARN_UNREACHABLE_CODE = YES;
				CLANG_WARN__DUPLICATE_METHOD_MATCH = YES;
				CODE_SIGN_IDENTITY = "-";
				COPY_PHASE_STRIP = NO;
				DEBUG_INFORMATION_FORMAT = dwarf;
				ENABLE_STRICT_OBJC_MSGSEND = YES;
				ENABLE_TESTABILITY = YES;
				GCC_C_LANGUAGE_STANDARD = gnu99;
				GCC_DYNAMIC_NO_PIC = NO;
				GCC_NO_COMMON_BLOCKS = YES;
				GCC_OPTIMIZATION_LEVEL = 0;
				GCC_PREPROCESSOR_DEFINITIONS = (
					"DEBUG=1",
					"$(inherited)",
				);
				GCC_WARN_64_TO_32_BIT_CONVERSION = YES;
				GCC_WARN_ABOUT_RETURN_TYPE = YES_ERROR;
				GCC_WARN_UNDECLARED_SELECTOR = YES;
				GCC_WARN_UNINITIALIZED_AUTOS = YES_AGGRESSIVE;
				GCC_WARN_UNUSED_FUNCTION = YES;
				GCC_WARN_UNUSED_VARIABLE = YES;
				MACOSX_DEPLOYMENT_TARGET = 10.10;
				MTL_ENABLE_DEBUG_INFO = YES;
				ONLY_ACTIVE_ARCH = YES;
				SDKROOT = macosx;
			};
			name = Debug;
		};
		E93957B41CE46BB000E4725B /* Release */ = {
			isa = XCBuildConfiguration;
			buildSettings = {
				ALWAYS_SEARCH_USER_PATHS = NO;
				CLANG_CXX_LANGUAGE_STANDARD = "gnu++0x";
				CLANG_CXX_LIBRARY = "libc++";
				CLANG_ENABLE_MODULES = YES;
				CLANG_ENABLE_OBJC_ARC = YES;
				CLANG_WARN_BOOL_CONVERSION = YES;
				CLANG_WARN_CONSTANT_CONVERSION = YES;
				CLANG_WARN_DIRECT_OBJC_ISA_USAGE = YES_ERROR;
				CLANG_WARN_EMPTY_BODY = YES;
				CLANG_WARN_ENUM_CONVERSION = YES;
				CLANG_WARN_INT_CONVERSION = YES;
				CLANG_WARN_OBJC_ROOT_CLASS = YES_ERROR;
				CLANG_WARN_UNREACHABLE_CODE = YES;
				CLANG_WARN__DUPLICATE_METHOD_MATCH = YES;
				CODE_SIGN_IDENTITY = "-";
				COPY_PHASE_STRIP = NO;
				DEBUG_INFORMATION_FORMAT = "dwarf-with-dsym";
				ENABLE_NS_ASSERTIONS = NO;
				ENABLE_STRICT_OBJC_MSGSEND = YES;
				GCC_C_LANGUAGE_STANDARD = gnu99;
				GCC_NO_COMMON_BLOCKS = YES;
				GCC_WARN_64_TO_32_BIT_CONVERSION = YES;
				GCC_WARN_ABOUT_RETURN_TYPE = YES_ERROR;
				GCC_WARN_UNDECLARED_SELECTOR = YES;
				GCC_WARN_UNINITIALIZED_AUTOS = YES_AGGRESSIVE;
				GCC_WARN_UNUSED_FUNCTION = YES;
				GCC_WARN_UNUSED_VARIABLE = YES;
				MACOSX_DEPLOYMENT_TARGET = 10.10;
				MTL_ENABLE_DEBUG_INFO = NO;
				SDKROOT = macosx;
			};
			name = Release;
		};
		E93957B61CE46BB000E4725B /* Debug */ = {
			isa = XCBuildConfiguration;
			buildSettings = {
				PRODUCT_NAME = "$(TARGET_NAME)";
			};
			name = Debug;
		};
		E93957B71CE46BB000E4725B /* Release */ = {
			isa = XCBuildConfiguration;
			buildSettings = {
				PRODUCT_NAME = "$(TARGET_NAME)";
			};
			name = Release;
		};
/* End XCBuildConfiguration section */

/* Begin XCConfigurationList section */
		E93957A91CE46BB000E4725B /* Build configuration list for PBXProject "MakeCardDeck" */ = {
			isa = XCConfigurationList;
			buildConfigurations = (
				E93957B31CE46BB000E4725B /* Debug */,
				E93957B41CE46BB000E4725B /* Release */,
			);
			defaultConfigurationIsVisible = 0;
			defaultConfigurationName = Release;
		};
		E93957B51CE46BB000E4725B /* Build configuration list for PBXNativeTarget "MakeCardDeck" */ = {
			isa = XCConfigurationList;
			buildConfigurations = (
				E93957B61CE46BB000E4725B /* Debug */,
				E93957B71CE46BB000E4725B /* Release */,
			);
			defaultConfigurationIsVisible = 0;
			defaultConfigurationName = Release;
		};
/* End XCConfigurationList section */
	};
	rootObject = E93957A61CE46BB000E4725B /* Project object */;
}
