// !$*UTF8*$!
{
	archiveVersion = 1;
	classes = {
	};
	objectVersion = 46;
	objects = {

/* Begin PBXBuildFile section */
		E93267C01CF6E2C900609BAF /* main.m in Sources */ = {isa = PBXBuildFile; fileRef = E93267BF1CF6E2C900609BAF /* main.m */; };
		E93267C31CF6E2C900609BAF /* AppDelegate.m in Sources */ = {isa = PBXBuildFile; fileRef = E93267C21CF6E2C900609BAF /* AppDelegate.m */; };
		E93267C61CF6E2C900609BAF /* ViewController.m in Sources */ = {isa = PBXBuildFile; fileRef = E93267C51CF6E2C900609BAF /* ViewController.m */; };
		E93267C91CF6E2C900609BAF /* Main.storyboard in Resources */ = {isa = PBXBuildFile; fileRef = E93267C71CF6E2C900609BAF /* Main.storyboard */; };
		E93267CB1CF6E2C900609BAF /* Assets.xcassets in Resources */ = {isa = PBXBuildFile; fileRef = E93267CA1CF6E2C900609BAF /* Assets.xcassets */; };
		E93267CE1CF6E2C900609BAF /* LaunchScreen.storyboard in Resources */ = {isa = PBXBuildFile; fileRef = E93267CC1CF6E2C900609BAF /* LaunchScreen.storyboard */; };
/* End PBXBuildFile section */

/* Begin PBXFileReference section */
		E93267BB1CF6E2C900609BAF /* UITextField.app */ = {isa = PBXFileReference; explicitFileType = wrapper.application; includeInIndex = 0; path = UITextField.app; sourceTree = BUILT_PRODUCTS_DIR; };
		E93267BF1CF6E2C900609BAF /* main.m */ = {isa = PBXFileReference; lastKnownFileType = sourcecode.c.objc; path = main.m; sourceTree = "<group>"; };
		E93267C11CF6E2C900609BAF /* AppDelegate.h */ = {isa = PBXFileReference; lastKnownFileType = sourcecode.c.h; path = AppDelegate.h; sourceTree = "<group>"; };
		E93267C21CF6E2C900609BAF /* AppDelegate.m */ = {isa = PBXFileReference; lastKnownFileType = sourcecode.c.objc; path = AppDelegate.m; sourceTree = "<group>"; };
		E93267C41CF6E2C900609BAF /* ViewController.h */ = {isa = PBXFileReference; lastKnownFileType = sourcecode.c.h; path = ViewController.h; sourceTree = "<group>"; };
		E93267C51CF6E2C900609BAF /* ViewController.m */ = {isa = PBXFileReference; lastKnownFileType = sourcecode.c.objc; path = ViewController.m; sourceTree = "<group>"; };
		E93267C81CF6E2C900609BAF /* Base */ = {isa = PBXFileReference; lastKnownFileType = file.storyboard; name = Base; path = Base.lproj/Main.storyboard; sourceTree = "<group>"; };
		E93267CA1CF6E2C900609BAF /* Assets.xcassets */ = {isa = PBXFileReference; lastKnownFileType = folder.assetcatalog; path = Assets.xcassets; sourceTree = "<group>"; };
		E93267CD1CF6E2C900609BAF /* Base */ = {isa = PBXFileReference; lastKnownFileType = file.storyboard; name = Base; path = Base.lproj/LaunchScreen.storyboard; sourceTree = "<group>"; };
		E93267CF1CF6E2C900609BAF /* Info.plist */ = {isa = PBXFileReference; lastKnownFileType = text.plist.xml; path = Info.plist; sourceTree = "<group>"; };
/* End PBXFileReference section */

/* Begin PBXFrameworksBuildPhase section */
		E93267B81CF6E2C900609BAF /* Frameworks */ = {
			isa = PBXFrameworksBuildPhase;
			buildActionMask = 2147483647;
			files = (
			);
			runOnlyForDeploymentPostprocessing = 0;
		};
/* End PBXFrameworksBuildPhase section */

/* Begin PBXGroup section */
		E93267B21CF6E2C900609BAF = {
			isa = PBXGroup;
			children = (
				E93267BD1CF6E2C900609BAF /* UITextField */,
				E93267BC1CF6E2C900609BAF /* Products */,
			);
			sourceTree = "<group>";
		};
		E93267BC1CF6E2C900609BAF /* Products */ = {
			isa = PBXGroup;
			children = (
				E93267BB1CF6E2C900609BAF /* UITextField.app */,
			);
			name = Products;
			sourceTree = "<group>";
		};
		E93267BD1CF6E2C900609BAF /* UITextField */ = {
			isa = PBXGroup;
			children = (
				E93267C11CF6E2C900609BAF /* AppDelegate.h */,
				E93267C21CF6E2C900609BAF /* AppDelegate.m */,
				E93267C41CF6E2C900609BAF /* ViewController.h */,
				E93267C51CF6E2C900609BAF /* ViewController.m */,
				E93267C71CF6E2C900609BAF /* Main.storyboard */,
				E93267CA1CF6E2C900609BAF /* Assets.xcassets */,
				E93267CC1CF6E2C900609BAF /* LaunchScreen.storyboard */,
				E93267CF1CF6E2C900609BAF /* Info.plist */,
				E93267BE1CF6E2C900609BAF /* Supporting Files */,
			);
			path = UITextField;
			sourceTree = "<group>";
		};
		E93267BE1CF6E2C900609BAF /* Supporting Files */ = {
			isa = PBXGroup;
			children = (
				E93267BF1CF6E2C900609BAF /* main.m */,
			);
			name = "Supporting Files";
			sourceTree = "<group>";
		};
/* End PBXGroup section */

/* Begin PBXNativeTarget section */
		E93267BA1CF6E2C900609BAF /* UITextField */ = {
			isa = PBXNativeTarget;
			buildConfigurationList = E93267D21CF6E2C900609BAF /* Build configuration list for PBXNativeTarget "UITextField" */;
			buildPhases = (
				E93267B71CF6E2C900609BAF /* Sources */,
				E93267B81CF6E2C900609BAF /* Frameworks */,
				E93267B91CF6E2C900609BAF /* Resources */,
			);
			buildRules = (
			);
			dependencies = (
			);
			name = UITextField;
			productName = UITextField;
			productReference = E93267BB1CF6E2C900609BAF /* UITextField.app */;
			productType = "com.apple.product-type.application";
		};
/* End PBXNativeTarget section */

/* Begin PBXProject section */
		E93267B31CF6E2C900609BAF /* Project object */ = {
			isa = PBXProject;
			attributes = {
				LastUpgradeCheck = 0720;
				ORGANIZATIONNAME = "Mijeong Jeon";
				TargetAttributes = {
					E93267BA1CF6E2C900609BAF = {
						CreatedOnToolsVersion = 7.2.1;
					};
				};
			};
			buildConfigurationList = E93267B61CF6E2C900609BAF /* Build configuration list for PBXProject "UITextField" */;
			compatibilityVersion = "Xcode 3.2";
			developmentRegion = English;
			hasScannedForEncodings = 0;
			knownRegions = (
				en,
				Base,
			);
			mainGroup = E93267B21CF6E2C900609BAF;
			productRefGroup = E93267BC1CF6E2C900609BAF /* Products */;
			projectDirPath = "";
			projectRoot = "";
			targets = (
				E93267BA1CF6E2C900609BAF /* UITextField */,
			);
		};
/* End PBXProject section */

/* Begin PBXResourcesBuildPhase section */
		E93267B91CF6E2C900609BAF /* Resources */ = {
			isa = PBXResourcesBuildPhase;
			buildActionMask = 2147483647;
			files = (
				E93267CE1CF6E2C900609BAF /* LaunchScreen.storyboard in Resources */,
				E93267CB1CF6E2C900609BAF /* Assets.xcassets in Resources */,
				E93267C91CF6E2C900609BAF /* Main.storyboard in Resources */,
			);
			runOnlyForDeploymentPostprocessing = 0;
		};
/* End PBXResourcesBuildPhase section */

/* Begin PBXSourcesBuildPhase section */
		E93267B71CF6E2C900609BAF /* Sources */ = {
			isa = PBXSourcesBuildPhase;
			buildActionMask = 2147483647;
			files = (
				E93267C61CF6E2C900609BAF /* ViewController.m in Sources */,
				E93267C31CF6E2C900609BAF /* AppDelegate.m in Sources */,
				E93267C01CF6E2C900609BAF /* main.m in Sources */,
			);
			runOnlyForDeploymentPostprocessing = 0;
		};
/* End PBXSourcesBuildPhase section */

/* Begin PBXVariantGroup section */
		E93267C71CF6E2C900609BAF /* Main.storyboard */ = {
			isa = PBXVariantGroup;
			children = (
				E93267C81CF6E2C900609BAF /* Base */,
			);
			name = Main.storyboard;
			sourceTree = "<group>";
		};
		E93267CC1CF6E2C900609BAF /* LaunchScreen.storyboard */ = {
			isa = PBXVariantGroup;
			children = (
				E93267CD1CF6E2C900609BAF /* Base */,
			);
			name = LaunchScreen.storyboard;
			sourceTree = "<group>";
		};
/* End PBXVariantGroup section */

/* Begin XCBuildConfiguration section */
		E93267D01CF6E2C900609BAF /* Debug */ = {
			isa = XCBuildConfiguration;
			buildSettings = {
				ALWAYS_SEARCH_USER_PATHS = NO;
				CLANG_CXX_LANGUAGE_STANDARD = "gnu++0x";
				CLANG_CXX_LIBRARY = "libc++";
				CLANG_ENABLE_MODULES = YES;
				CLANG_ENABLE_OBJC_ARC = YES;
				CLANG_WARN_BOOL_CONVERSION = YES;
				CLANG_WARN_CONSTANT_CONVERSION = YES;
				CLANG_WARN_DIRECT_OBJC_ISA_USAGE = YES_ERROR;
				CLANG_WARN_EMPTY_BODY = YES;
				CLANG_WARN_ENUM_CONVERSION = YES;
				CLANG_WARN_INT_CONVERSION = YES;
				CLANG_WARN_OBJC_ROOT_CLASS = YES_ERROR;
				CLANG_WARN_UNREACHABLE_CODE = YES;
				CLANG_WARN__DUPLICATE_METHOD_MATCH = YES;
				"CODE_SIGN_IDENTITY[sdk=iphoneos*]" = "iPhone Developer";
				COPY_PHASE_STRIP = NO;
				DEBUG_INFORMATION_FORMAT = dwarf;
				ENABLE_STRICT_OBJC_MSGSEND = YES;
				ENABLE_TESTABILITY = YES;
				GCC_C_LANGUAGE_STANDARD = gnu99;
				GCC_DYNAMIC_NO_PIC = NO;
				GCC_NO_COMMON_BLOCKS = YES;
				GCC_OPTIMIZATION_LEVEL = 0;
				GCC_PREPROCESSOR_DEFINITIONS = (
					"DEBUG=1",
					"$(inherited)",
				);
				GCC_WARN_64_TO_32_BIT_CONVERSION = YES;
				GCC_WARN_ABOUT_RETURN_TYPE = YES_ERROR;
				GCC_WARN_UNDECLARED_SELECTOR = YES;
				GCC_WARN_UNINITIALIZED_AUTOS = YES_AGGRESSIVE;
				GCC_WARN_UNUSED_FUNCTION = YES;
				GCC_WARN_UNUSED_VARIABLE = YES;
				IPHONEOS_DEPLOYMENT_TARGET = 9.2;
				MTL_ENABLE_DEBUG_INFO = YES;
				ONLY_ACTIVE_ARCH = YES;
				SDKROOT = iphoneos;
				TARGETED_DEVICE_FAMILY = "1,2";
			};
			name = Debug;
		};
		E93267D11CF6E2C900609BAF /* Release */ = {
			isa = XCBuildConfiguration;
			buildSettings = {
				ALWAYS_SEARCH_USER_PATHS = NO;
				CLANG_CXX_LANGUAGE_STANDARD = "gnu++0x";
				CLANG_CXX_LIBRARY = "libc++";
				CLANG_ENABLE_MODULES = YES;
				CLANG_ENABLE_OBJC_ARC = YES;
				CLANG_WARN_BOOL_CONVERSION = YES;
				CLANG_WARN_CONSTANT_CONVERSION = YES;
				CLANG_WARN_DIRECT_OBJC_ISA_USAGE = YES_ERROR;
				CLANG_WARN_EMPTY_BODY = YES;
				CLANG_WARN_ENUM_CONVERSION = YES;
				CLANG_WARN_INT_CONVERSION = YES;
				CLANG_WARN_OBJC_ROOT_CLASS = YES_ERROR;
				CLANG_WARN_UNREACHABLE_CODE = YES;
				CLANG_WARN__DUPLICATE_METHOD_MATCH = YES;
				"CODE_SIGN_IDENTITY[sdk=iphoneos*]" = "iPhone Developer";
				COPY_PHASE_STRIP = NO;
				DEBUG_INFORMATION_FORMAT = "dwarf-with-dsym";
				ENABLE_NS_ASSERTIONS = NO;
				ENABLE_STRICT_OBJC_MSGSEND = YES;
				GCC_C_LANGUAGE_STANDARD = gnu99;
				GCC_NO_COMMON_BLOCKS = YES;
				GCC_WARN_64_TO_32_BIT_CONVERSION = YES;
				GCC_WARN_ABOUT_RETURN_TYPE = YES_ERROR;
				GCC_WARN_UNDECLARED_SELECTOR = YES;
				GCC_WARN_UNINITIALIZED_AUTOS = YES_AGGRESSIVE;
				GCC_WARN_UNUSED_FUNCTION = YES;
				GCC_WARN_UNUSED_VARIABLE = YES;
				IPHONEOS_DEPLOYMENT_TARGET = 9.2;
				MTL_ENABLE_DEBUG_INFO = NO;
				SDKROOT = iphoneos;
				TARGETED_DEVICE_FAMILY = "1,2";
				VALIDATE_PRODUCT = YES;
			};
			name = Release;
		};
		E93267D31CF6E2C900609BAF /* Debug */ = {
			isa = XCBuildConfiguration;
			buildSettings = {
				ASSETCATALOG_COMPILER_APPICON_NAME = AppIcon;
				INFOPLIST_FILE = UITextField/Info.plist;
				LD_RUNPATH_SEARCH_PATHS = "$(inherited) @executable_path/Frameworks";
				PRODUCT_BUNDLE_IDENTIFIER = com.test.UITextField;
				PRODUCT_NAME = "$(TARGET_NAME)";
			};
			name = Debug;
		};
		E93267D41CF6E2C900609BAF /* Release */ = {
			isa = XCBuildConfiguration;
			buildSettings = {
				ASSETCATALOG_COMPILER_APPICON_NAME = AppIcon;
				INFOPLIST_FILE = UITextField/Info.plist;
				LD_RUNPATH_SEARCH_PATHS = "$(inherited) @executable_path/Frameworks";
				PRODUCT_BUNDLE_IDENTIFIER = com.test.UITextField;
				PRODUCT_NAME = "$(TARGET_NAME)";
			};
			name = Release;
		};
/* End XCBuildConfiguration section */

/* Begin XCConfigurationList section */
		E93267B61CF6E2C900609BAF /* Build configuration list for PBXProject "UITextField" */ = {
			isa = XCConfigurationList;
			buildConfigurations = (
				E93267D01CF6E2C900609BAF /* Debug */,
				E93267D11CF6E2C900609BAF /* Release */,
			);
			defaultConfigurationIsVisible = 0;
			defaultConfigurationName = Release;
		};
		E93267D21CF6E2C900609BAF /* Build configuration list for PBXNativeTarget "UITextField" */ = {
			isa = XCConfigurationList;
			buildConfigurations = (
				E93267D31CF6E2C900609BAF /* Debug */,
				E93267D41CF6E2C900609BAF /* Release */,
			);
			defaultConfigurationIsVisible = 0;
		};
/* End XCConfigurationList section */
	};
	rootObject = E93267B31CF6E2C900609BAF /* Project object */;
}
