// !$*UTF8*$!
{
	archiveVersion = 1;
	classes = {
	};
	objectVersion = 46;
	objects = {

/* Begin PBXBuildFile section */
		E9585DFF1CF53FB2002CAB6E /* main.m in Sources */ = {isa = PBXBuildFile; fileRef = E9585DFE1CF53FB2002CAB6E /* main.m */; };
		E9585E0A1CF54760002CAB6E /* FindPrime.m in Sources */ = {isa = PBXBuildFile; fileRef = E9585E091CF54760002CAB6E /* FindPrime.m */; };
/* End PBXBuildFile section */

/* Begin PBXCopyFilesBuildPhase section */
		E9585DF91CF53FB2002CAB6E /* CopyFiles */ = {
			isa = PBXCopyFilesBuildPhase;
			buildActionMask = 2147483647;
			dstPath = /usr/share/man/man1/;
			dstSubfolderSpec = 0;
			files = (
			);
			runOnlyForDeploymentPostprocessing = 1;
		};
/* End PBXCopyFilesBuildPhase section */

/* Begin PBXFileReference section */
		E9585DFB1CF53FB2002CAB6E /* Eratosthenes */ = {isa = PBXFileReference; explicitFileType = "compiled.mach-o.executable"; includeInIndex = 0; path = Eratosthenes; sourceTree = BUILT_PRODUCTS_DIR; };
		E9585DFE1CF53FB2002CAB6E /* main.m */ = {isa = PBXFileReference; lastKnownFileType = sourcecode.c.objc; path = main.m; sourceTree = "<group>"; };
		E9585E081CF54760002CAB6E /* FindPrime.h */ = {isa = PBXFileReference; fileEncoding = 4; lastKnownFileType = sourcecode.c.h; path = FindPrime.h; sourceTree = "<group>"; };
		E9585E091CF54760002CAB6E /* FindPrime.m */ = {isa = PBXFileReference; fileEncoding = 4; lastKnownFileType = sourcecode.c.objc; path = FindPrime.m; sourceTree = "<group>"; };
/* End PBXFileReference section */

/* Begin PBXFrameworksBuildPhase section */
		E9585DF81CF53FB2002CAB6E /* Frameworks */ = {
			isa = PBXFrameworksBuildPhase;
			buildActionMask = 2147483647;
			files = (
			);
			runOnlyForDeploymentPostprocessing = 0;
		};
/* End PBXFrameworksBuildPhase section */

/* Begin PBXGroup section */
		E9585DF21CF53FB2002CAB6E = {
			isa = PBXGroup;
			children = (
				E9585DFD1CF53FB2002CAB6E /* Eratosthenes */,
				E9585DFC1CF53FB2002CAB6E /* Products */,
			);
			sourceTree = "<group>";
		};
		E9585DFC1CF53FB2002CAB6E /* Products */ = {
			isa = PBXGroup;
			children = (
				E9585DFB1CF53FB2002CAB6E /* Eratosthenes */,
			);
			name = Products;
			sourceTree = "<group>";
		};
		E9585DFD1CF53FB2002CAB6E /* Eratosthenes */ = {
			isa = PBXGroup;
			children = (
				E9585DFE1CF53FB2002CAB6E /* main.m */,
				E9585E081CF54760002CAB6E /* FindPrime.h */,
				E9585E091CF54760002CAB6E /* FindPrime.m */,
			);
			path = Eratosthenes;
			sourceTree = "<group>";
		};
/* End PBXGroup section */

/* Begin PBXNativeTarget section */
		E9585DFA1CF53FB2002CAB6E /* Eratosthenes */ = {
			isa = PBXNativeTarget;
			buildConfigurationList = E9585E021CF53FB2002CAB6E /* Build configuration list for PBXNativeTarget "Eratosthenes" */;
			buildPhases = (
				E9585DF71CF53FB2002CAB6E /* Sources */,
				E9585DF81CF53FB2002CAB6E /* Frameworks */,
				E9585DF91CF53FB2002CAB6E /* CopyFiles */,
			);
			buildRules = (
			);
			dependencies = (
			);
			name = Eratosthenes;
			productName = Eratosthenes;
			productReference = E9585DFB1CF53FB2002CAB6E /* Eratosthenes */;
			productType = "com.apple.product-type.tool";
		};
/* End PBXNativeTarget section */

/* Begin PBXProject section */
		E9585DF31CF53FB2002CAB6E /* Project object */ = {
			isa = PBXProject;
			attributes = {
				LastUpgradeCheck = 0720;
				ORGANIZATIONNAME = "Mijeong Jeon";
				TargetAttributes = {
					E9585DFA1CF53FB2002CAB6E = {
						CreatedOnToolsVersion = 7.2.1;
					};
				};
			};
			buildConfigurationList = E9585DF61CF53FB2002CAB6E /* Build configuration list for PBXProject "Eratosthenes" */;
			compatibilityVersion = "Xcode 3.2";
			developmentRegion = English;
			hasScannedForEncodings = 0;
			knownRegions = (
				en,
			);
			mainGroup = E9585DF21CF53FB2002CAB6E;
			productRefGroup = E9585DFC1CF53FB2002CAB6E /* Products */;
			projectDirPath = "";
			projectRoot = "";
			targets = (
				E9585DFA1CF53FB2002CAB6E /* Eratosthenes */,
			);
		};
/* End PBXProject section */

/* Begin PBXSourcesBuildPhase section */
		E9585DF71CF53FB2002CAB6E /* Sources */ = {
			isa = PBXSourcesBuildPhase;
			buildActionMask = 2147483647;
			files = (
				E9585E0A1CF54760002CAB6E /* FindPrime.m in Sources */,
				E9585DFF1CF53FB2002CAB6E /* main.m in Sources */,
			);
			runOnlyForDeploymentPostprocessing = 0;
		};
/* End PBXSourcesBuildPhase section */

/* Begin XCBuildConfiguration section */
		E9585E001CF53FB2002CAB6E /* Debug */ = {
			isa = XCBuildConfiguration;
			buildSettings = {
				ALWAYS_SEARCH_USER_PATHS = NO;
				CLANG_CXX_LANGUAGE_STANDARD = "gnu++0x";
				CLANG_CXX_LIBRARY = "libc++";
				CLANG_ENABLE_MODULES = YES;
				CLANG_ENABLE_OBJC_ARC = YES;
				CLANG_WARN_BOOL_CONVERSION = YES;
				CLANG_WARN_CONSTANT_CONVERSION = YES;
				CLANG_WARN_DIRECT_OBJC_ISA_USAGE = YES_ERROR;
				CLANG_WARN_EMPTY_BODY = YES;
				CLANG_WARN_ENUM_CONVERSION = YES;
				CLANG_WARN_INT_CONVERSION = YES;
				CLANG_WARN_OBJC_ROOT_CLASS = YES_ERROR;
				CLANG_WARN_UNREACHABLE_CODE = YES;
				CLANG_WARN__DUPLICATE_METHOD_MATCH = YES;
				CODE_SIGN_IDENTITY = "-";
				COPY_PHASE_STRIP = NO;
				DEBUG_INFORMATION_FORMAT = dwarf;
				ENABLE_STRICT_OBJC_MSGSEND = YES;
				ENABLE_TESTABILITY = YES;
				GCC_C_LANGUAGE_STANDARD = gnu99;
				GCC_DYNAMIC_NO_PIC = NO;
				GCC_NO_COMMON_BLOCKS = YES;
				GCC_OPTIMIZATION_LEVEL = 0;
				GCC_PREPROCESSOR_DEFINITIONS = (
					"DEBUG=1",
					"$(inherited)",
				);
				GCC_WARN_64_TO_32_BIT_CONVERSION = YES;
				GCC_WARN_ABOUT_RETURN_TYPE = YES_ERROR;
				GCC_WARN_UNDECLARED_SELECTOR = YES;
				GCC_WARN_UNINITIALIZED_AUTOS = YES_AGGRESSIVE;
				GCC_WARN_UNUSED_FUNCTION = YES;
				GCC_WARN_UNUSED_VARIABLE = YES;
				MACOSX_DEPLOYMENT_TARGET = 10.11;
				MTL_ENABLE_DEBUG_INFO = YES;
				ONLY_ACTIVE_ARCH = YES;
				SDKROOT = macosx;
			};
			name = Debug;
		};
		E9585E011CF53FB2002CAB6E /* Release */ = {
			isa = XCBuildConfiguration;
			buildSettings = {
				ALWAYS_SEARCH_USER_PATHS = NO;
				CLANG_CXX_LANGUAGE_STANDARD = "gnu++0x";
				CLANG_CXX_LIBRARY = "libc++";
				CLANG_ENABLE_MODULES = YES;
				CLANG_ENABLE_OBJC_ARC = YES;
				CLANG_WARN_BOOL_CONVERSION = YES;
				CLANG_WARN_CONSTANT_CONVERSION = YES;
				CLANG_WARN_DIRECT_OBJC_ISA_USAGE = YES_ERROR;
				CLANG_WARN_EMPTY_BODY = YES;
				CLANG_WARN_ENUM_CONVERSION = YES;
				CLANG_WARN_INT_CONVERSION = YES;
				CLANG_WARN_OBJC_ROOT_CLASS = YES_ERROR;
				CLANG_WARN_UNREACHABLE_CODE = YES;
				CLANG_WARN__DUPLICATE_METHOD_MATCH = YES;
				CODE_SIGN_IDENTITY = "-";
				COPY_PHASE_STRIP = NO;
				DEBUG_INFORMATION_FORMAT = "dwarf-with-dsym";
				ENABLE_NS_ASSERTIONS = NO;
				ENABLE_STRICT_OBJC_MSGSEND = YES;
				GCC_C_LANGUAGE_STANDARD = gnu99;
				GCC_NO_COMMON_BLOCKS = YES;
				GCC_WARN_64_TO_32_BIT_CONVERSION = YES;
				GCC_WARN_ABOUT_RETURN_TYPE = YES_ERROR;
				GCC_WARN_UNDECLARED_SELECTOR = YES;
				GCC_WARN_UNINITIALIZED_AUTOS = YES_AGGRESSIVE;
				GCC_WARN_UNUSED_FUNCTION = YES;
				GCC_WARN_UNUSED_VARIABLE = YES;
				MACOSX_DEPLOYMENT_TARGET = 10.11;
				MTL_ENABLE_DEBUG_INFO = NO;
				SDKROOT = macosx;
			};
			name = Release;
		};
		E9585E031CF53FB2002CAB6E /* Debug */ = {
			isa = XCBuildConfiguration;
			buildSettings = {
				PRODUCT_NAME = "$(TARGET_NAME)";
			};
			name = Debug;
		};
		E9585E041CF53FB2002CAB6E /* Release */ = {
			isa = XCBuildConfiguration;
			buildSettings = {
				PRODUCT_NAME = "$(TARGET_NAME)";
			};
			name = Release;
		};
/* End XCBuildConfiguration section */

/* Begin XCConfigurationList section */
		E9585DF61CF53FB2002CAB6E /* Build configuration list for PBXProject "Eratosthenes" */ = {
			isa = XCConfigurationList;
			buildConfigurations = (
				E9585E001CF53FB2002CAB6E /* Debug */,
				E9585E011CF53FB2002CAB6E /* Release */,
			);
			defaultConfigurationIsVisible = 0;
			defaultConfigurationName = Release;
		};
		E9585E021CF53FB2002CAB6E /* Build configuration list for PBXNativeTarget "Eratosthenes" */ = {
			isa = XCConfigurationList;
			buildConfigurations = (
				E9585E031CF53FB2002CAB6E /* Debug */,
				E9585E041CF53FB2002CAB6E /* Release */,
			);
			defaultConfigurationIsVisible = 0;
		};
/* End XCConfigurationList section */
	};
	rootObject = E9585DF31CF53FB2002CAB6E /* Project object */;
}
