// !$*UTF8*$!
{
	archiveVersion = 1;
	classes = {
	};
	objectVersion = 46;
	objects = {

/* Begin PBXBuildFile section */
		E960F67D1D0E766A007011C8 /* main.m in Sources */ = {isa = PBXBuildFile; fileRef = E960F67C1D0E766A007011C8 /* main.m */; };
		E960F6801D0E766A007011C8 /* AppDelegate.m in Sources */ = {isa = PBXBuildFile; fileRef = E960F67F1D0E766A007011C8 /* AppDelegate.m */; };
		E960F6831D0E766B007011C8 /* FirstViewController.m in Sources */ = {isa = PBXBuildFile; fileRef = E960F6821D0E766A007011C8 /* FirstViewController.m */; };
		E960F6861D0E766B007011C8 /* Main.storyboard in Resources */ = {isa = PBXBuildFile; fileRef = E960F6841D0E766B007011C8 /* Main.storyboard */; };
		E960F6881D0E766B007011C8 /* Assets.xcassets in Resources */ = {isa = PBXBuildFile; fileRef = E960F6871D0E766B007011C8 /* Assets.xcassets */; };
		E960F68B1D0E766B007011C8 /* LaunchScreen.storyboard in Resources */ = {isa = PBXBuildFile; fileRef = E960F6891D0E766B007011C8 /* LaunchScreen.storyboard */; };
		E9EEBC641D0E806A00981F36 /* SecondViewController.m in Sources */ = {isa = PBXBuildFile; fileRef = E9EEBC631D0E806A00981F36 /* SecondViewController.m */; };
		E9EEBC671D0E967F00981F36 /* ThirdViewController.m in Sources */ = {isa = PBXBuildFile; fileRef = E9EEBC661D0E967F00981F36 /* ThirdViewController.m */; };
		E9EEBC6A1D0E9F5900981F36 /* ForthViewController.m in Sources */ = {isa = PBXBuildFile; fileRef = E9EEBC691D0E9F5900981F36 /* ForthViewController.m */; };
/* End PBXBuildFile section */

/* Begin PBXFileReference section */
		E960F6781D0E766A007011C8 /* PageMaking.app */ = {isa = PBXFileReference; explicitFileType = wrapper.application; includeInIndex = 0; path = PageMaking.app; sourceTree = BUILT_PRODUCTS_DIR; };
		E960F67C1D0E766A007011C8 /* main.m */ = {isa = PBXFileReference; lastKnownFileType = sourcecode.c.objc; path = main.m; sourceTree = "<group>"; };
		E960F67E1D0E766A007011C8 /* AppDelegate.h */ = {isa = PBXFileReference; lastKnownFileType = sourcecode.c.h; path = AppDelegate.h; sourceTree = "<group>"; };
		E960F67F1D0E766A007011C8 /* AppDelegate.m */ = {isa = PBXFileReference; lastKnownFileType = sourcecode.c.objc; path = AppDelegate.m; sourceTree = "<group>"; };
		E960F6811D0E766A007011C8 /* FirstViewController.h */ = {isa = PBXFileReference; lastKnownFileType = sourcecode.c.h; path = FirstViewController.h; sourceTree = "<group>"; };
		E960F6821D0E766A007011C8 /* FirstViewController.m */ = {isa = PBXFileReference; lastKnownFileType = sourcecode.c.objc; path = FirstViewController.m; sourceTree = "<group>"; };
		E960F6851D0E766B007011C8 /* Base */ = {isa = PBXFileReference; lastKnownFileType = file.storyboard; name = Base; path = Base.lproj/Main.storyboard; sourceTree = "<group>"; };
		E960F6871D0E766B007011C8 /* Assets.xcassets */ = {isa = PBXFileReference; lastKnownFileType = folder.assetcatalog; path = Assets.xcassets; sourceTree = "<group>"; };
		E960F68A1D0E766B007011C8 /* Base */ = {isa = PBXFileReference; lastKnownFileType = file.storyboard; name = Base; path = Base.lproj/LaunchScreen.storyboard; sourceTree = "<group>"; };
		E960F68C1D0E766B007011C8 /* Info.plist */ = {isa = PBXFileReference; lastKnownFileType = text.plist.xml; path = Info.plist; sourceTree = "<group>"; };
		E9EEBC621D0E806A00981F36 /* SecondViewController.h */ = {isa = PBXFileReference; fileEncoding = 4; lastKnownFileType = sourcecode.c.h; path = SecondViewController.h; sourceTree = "<group>"; };
		E9EEBC631D0E806A00981F36 /* SecondViewController.m */ = {isa = PBXFileReference; fileEncoding = 4; lastKnownFileType = sourcecode.c.objc; path = SecondViewController.m; sourceTree = "<group>"; };
		E9EEBC651D0E967F00981F36 /* ThirdViewController.h */ = {isa = PBXFileReference; fileEncoding = 4; lastKnownFileType = sourcecode.c.h; path = ThirdViewController.h; sourceTree = "<group>"; };
		E9EEBC661D0E967F00981F36 /* ThirdViewController.m */ = {isa = PBXFileReference; fileEncoding = 4; lastKnownFileType = sourcecode.c.objc; path = ThirdViewController.m; sourceTree = "<group>"; };
		E9EEBC681D0E9F5900981F36 /* ForthViewController.h */ = {isa = PBXFileReference; fileEncoding = 4; lastKnownFileType = sourcecode.c.h; path = ForthViewController.h; sourceTree = "<group>"; };
		E9EEBC691D0E9F5900981F36 /* ForthViewController.m */ = {isa = PBXFileReference; fileEncoding = 4; lastKnownFileType = sourcecode.c.objc; path = ForthViewController.m; sourceTree = "<group>"; };
/* End PBXFileReference section */

/* Begin PBXFrameworksBuildPhase section */
		E960F6751D0E766A007011C8 /* Frameworks */ = {
			isa = PBXFrameworksBuildPhase;
			buildActionMask = 2147483647;
			files = (
			);
			runOnlyForDeploymentPostprocessing = 0;
		};
/* End PBXFrameworksBuildPhase section */

/* Begin PBXGroup section */
		E960F66F1D0E766A007011C8 = {
			isa = PBXGroup;
			children = (
				E960F67A1D0E766A007011C8 /* PageMaking */,
				E960F6791D0E766A007011C8 /* Products */,
			);
			sourceTree = "<group>";
		};
		E960F6791D0E766A007011C8 /* Products */ = {
			isa = PBXGroup;
			children = (
				E960F6781D0E766A007011C8 /* PageMaking.app */,
			);
			name = Products;
			sourceTree = "<group>";
		};
		E960F67A1D0E766A007011C8 /* PageMaking */ = {
			isa = PBXGroup;
			children = (
				E960F67E1D0E766A007011C8 /* AppDelegate.h */,
				E960F67F1D0E766A007011C8 /* AppDelegate.m */,
				E960F6811D0E766A007011C8 /* FirstViewController.h */,
				E960F6821D0E766A007011C8 /* FirstViewController.m */,
				E9EEBC621D0E806A00981F36 /* SecondViewController.h */,
				E9EEBC631D0E806A00981F36 /* SecondViewController.m */,
				E9EEBC651D0E967F00981F36 /* ThirdViewController.h */,
				E9EEBC661D0E967F00981F36 /* ThirdViewController.m */,
				E9EEBC681D0E9F5900981F36 /* ForthViewController.h */,
				E9EEBC691D0E9F5900981F36 /* ForthViewController.m */,
				E960F6841D0E766B007011C8 /* Main.storyboard */,
				E960F6871D0E766B007011C8 /* Assets.xcassets */,
				E960F6891D0E766B007011C8 /* LaunchScreen.storyboard */,
				E960F68C1D0E766B007011C8 /* Info.plist */,
				E960F67B1D0E766A007011C8 /* Supporting Files */,
			);
			path = PageMaking;
			sourceTree = "<group>";
		};
		E960F67B1D0E766A007011C8 /* Supporting Files */ = {
			isa = PBXGroup;
			children = (
				E960F67C1D0E766A007011C8 /* main.m */,
			);
			name = "Supporting Files";
			sourceTree = "<group>";
		};
/* End PBXGroup section */

/* Begin PBXNativeTarget section */
		E960F6771D0E766A007011C8 /* PageMaking */ = {
			isa = PBXNativeTarget;
			buildConfigurationList = E960F68F1D0E766B007011C8 /* Build configuration list for PBXNativeTarget "PageMaking" */;
			buildPhases = (
				E960F6741D0E766A007011C8 /* Sources */,
				E960F6751D0E766A007011C8 /* Frameworks */,
				E960F6761D0E766A007011C8 /* Resources */,
			);
			buildRules = (
			);
			dependencies = (
			);
			name = PageMaking;
			productName = PageMaking;
			productReference = E960F6781D0E766A007011C8 /* PageMaking.app */;
			productType = "com.apple.product-type.application";
		};
/* End PBXNativeTarget section */

/* Begin PBXProject section */
		E960F6701D0E766A007011C8 /* Project object */ = {
			isa = PBXProject;
			attributes = {
				LastUpgradeCheck = 0730;
				ORGANIZATIONNAME = "Mijeong Jeon";
				TargetAttributes = {
					E960F6771D0E766A007011C8 = {
						CreatedOnToolsVersion = 7.3.1;
						DevelopmentTeam = 94NATYLW4X;
					};
				};
			};
			buildConfigurationList = E960F6731D0E766A007011C8 /* Build configuration list for PBXProject "PageMaking" */;
			compatibilityVersion = "Xcode 3.2";
			developmentRegion = English;
			hasScannedForEncodings = 0;
			knownRegions = (
				en,
				Base,
			);
			mainGroup = E960F66F1D0E766A007011C8;
			productRefGroup = E960F6791D0E766A007011C8 /* Products */;
			projectDirPath = "";
			projectRoot = "";
			targets = (
				E960F6771D0E766A007011C8 /* PageMaking */,
			);
		};
/* End PBXProject section */

/* Begin PBXResourcesBuildPhase section */
		E960F6761D0E766A007011C8 /* Resources */ = {
			isa = PBXResourcesBuildPhase;
			buildActionMask = 2147483647;
			files = (
				E960F68B1D0E766B007011C8 /* LaunchScreen.storyboard in Resources */,
				E960F6881D0E766B007011C8 /* Assets.xcassets in Resources */,
				E960F6861D0E766B007011C8 /* Main.storyboard in Resources */,
			);
			runOnlyForDeploymentPostprocessing = 0;
		};
/* End PBXResourcesBuildPhase section */

/* Begin PBXSourcesBuildPhase section */
		E960F6741D0E766A007011C8 /* Sources */ = {
			isa = PBXSourcesBuildPhase;
			buildActionMask = 2147483647;
			files = (
				E9EEBC641D0E806A00981F36 /* SecondViewController.m in Sources */,
				E9EEBC671D0E967F00981F36 /* ThirdViewController.m in Sources */,
				E9EEBC6A1D0E9F5900981F36 /* ForthViewController.m in Sources */,
				E960F6831D0E766B007011C8 /* FirstViewController.m in Sources */,
				E960F6801D0E766A007011C8 /* AppDelegate.m in Sources */,
				E960F67D1D0E766A007011C8 /* main.m in Sources */,
			);
			runOnlyForDeploymentPostprocessing = 0;
		};
/* End PBXSourcesBuildPhase section */

/* Begin PBXVariantGroup section */
		E960F6841D0E766B007011C8 /* Main.storyboard */ = {
			isa = PBXVariantGroup;
			children = (
				E960F6851D0E766B007011C8 /* Base */,
			);
			name = Main.storyboard;
			sourceTree = "<group>";
		};
		E960F6891D0E766B007011C8 /* LaunchScreen.storyboard */ = {
			isa = PBXVariantGroup;
			children = (
				E960F68A1D0E766B007011C8 /* Base */,
			);
			name = LaunchScreen.storyboard;
			sourceTree = "<group>";
		};
/* End PBXVariantGroup section */

/* Begin XCBuildConfiguration section */
		E960F68D1D0E766B007011C8 /* Debug */ = {
			isa = XCBuildConfiguration;
			buildSettings = {
				ALWAYS_SEARCH_USER_PATHS = NO;
				CLANG_ANALYZER_NONNULL = YES;
				CLANG_CXX_LANGUAGE_STANDARD = "gnu++0x";
				CLANG_CXX_LIBRARY = "libc++";
				CLANG_ENABLE_MODULES = YES;
				CLANG_ENABLE_OBJC_ARC = YES;
				CLANG_WARN_BOOL_CONVERSION = YES;
				CLANG_WARN_CONSTANT_CONVERSION = YES;
				CLANG_WARN_DIRECT_OBJC_ISA_USAGE = YES_ERROR;
				CLANG_WARN_EMPTY_BODY = YES;
				CLANG_WARN_ENUM_CONVERSION = YES;
				CLANG_WARN_INT_CONVERSION = YES;
				CLANG_WARN_OBJC_ROOT_CLASS = YES_ERROR;
				CLANG_WARN_UNREACHABLE_CODE = YES;
				CLANG_WARN__DUPLICATE_METHOD_MATCH = YES;
				"CODE_SIGN_IDENTITY[sdk=iphoneos*]" = "iPhone Developer";
				COPY_PHASE_STRIP = NO;
				DEBUG_INFORMATION_FORMAT = dwarf;
				ENABLE_STRICT_OBJC_MSGSEND = YES;
				ENABLE_TESTABILITY = YES;
				GCC_C_LANGUAGE_STANDARD = gnu99;
				GCC_DYNAMIC_NO_PIC = NO;
				GCC_NO_COMMON_BLOCKS = YES;
				GCC_OPTIMIZATION_LEVEL = 0;
				GCC_PREPROCESSOR_DEFINITIONS = (
					"DEBUG=1",
					"$(inherited)",
				);
				GCC_WARN_64_TO_32_BIT_CONVERSION = YES;
				GCC_WARN_ABOUT_RETURN_TYPE = YES_ERROR;
				GCC_WARN_UNDECLARED_SELECTOR = YES;
				GCC_WARN_UNINITIALIZED_AUTOS = YES_AGGRESSIVE;
				GCC_WARN_UNUSED_FUNCTION = YES;
				GCC_WARN_UNUSED_VARIABLE = YES;
				IPHONEOS_DEPLOYMENT_TARGET = 9.3;
				MTL_ENABLE_DEBUG_INFO = YES;
				ONLY_ACTIVE_ARCH = YES;
				SDKROOT = iphoneos;
				TARGETED_DEVICE_FAMILY = "1,2";
			};
			name = Debug;
		};
		E960F68E1D0E766B007011C8 /* Release */ = {
			isa = XCBuildConfiguration;
			buildSettings = {
				ALWAYS_SEARCH_USER_PATHS = NO;
				CLANG_ANALYZER_NONNULL = YES;
				CLANG_CXX_LANGUAGE_STANDARD = "gnu++0x";
				CLANG_CXX_LIBRARY = "libc++";
				CLANG_ENABLE_MODULES = YES;
				CLANG_ENABLE_OBJC_ARC = YES;
				CLANG_WARN_BOOL_CONVERSION = YES;
				CLANG_WARN_CONSTANT_CONVERSION = YES;
				CLANG_WARN_DIRECT_OBJC_ISA_USAGE = YES_ERROR;
				CLANG_WARN_EMPTY_BODY = YES;
				CLANG_WARN_ENUM_CONVERSION = YES;
				CLANG_WARN_INT_CONVERSION = YES;
				CLANG_WARN_OBJC_ROOT_CLASS = YES_ERROR;
				CLANG_WARN_UNREACHABLE_CODE = YES;
				CLANG_WARN__DUPLICATE_METHOD_MATCH = YES;
				"CODE_SIGN_IDENTITY[sdk=iphoneos*]" = "iPhone Developer";
				COPY_PHASE_STRIP = NO;
				DEBUG_INFORMATION_FORMAT = "dwarf-with-dsym";
				ENABLE_NS_ASSERTIONS = NO;
				ENABLE_STRICT_OBJC_MSGSEND = YES;
				GCC_C_LANGUAGE_STANDARD = gnu99;
				GCC_NO_COMMON_BLOCKS = YES;
				GCC_WARN_64_TO_32_BIT_CONVERSION = YES;
				GCC_WARN_ABOUT_RETURN_TYPE = YES_ERROR;
				GCC_WARN_UNDECLARED_SELECTOR = YES;
				GCC_WARN_UNINITIALIZED_AUTOS = YES_AGGRESSIVE;
				GCC_WARN_UNUSED_FUNCTION = YES;
				GCC_WARN_UNUSED_VARIABLE = YES;
				IPHONEOS_DEPLOYMENT_TARGET = 9.3;
				MTL_ENABLE_DEBUG_INFO = NO;
				SDKROOT = iphoneos;
				TARGETED_DEVICE_FAMILY = "1,2";
				VALIDATE_PRODUCT = YES;
			};
			name = Release;
		};
		E960F6901D0E766B007011C8 /* Debug */ = {
			isa = XCBuildConfiguration;
			buildSettings = {
				ASSETCATALOG_COMPILER_APPICON_NAME = AppIcon;
				INFOPLIST_FILE = PageMaking/Info.plist;
				LD_RUNPATH_SEARCH_PATHS = "$(inherited) @executable_path/Frameworks";
				PRODUCT_BUNDLE_IDENTIFIER = com.test.PageMaking;
				PRODUCT_NAME = "$(TARGET_NAME)";
			};
			name = Debug;
		};
		E960F6911D0E766B007011C8 /* Release */ = {
			isa = XCBuildConfiguration;
			buildSettings = {
				ASSETCATALOG_COMPILER_APPICON_NAME = AppIcon;
				INFOPLIST_FILE = PageMaking/Info.plist;
				LD_RUNPATH_SEARCH_PATHS = "$(inherited) @executable_path/Frameworks";
				PRODUCT_BUNDLE_IDENTIFIER = com.test.PageMaking;
				PRODUCT_NAME = "$(TARGET_NAME)";
			};
			name = Release;
		};
/* End XCBuildConfiguration section */

/* Begin XCConfigurationList section */
		E960F6731D0E766A007011C8 /* Build configuration list for PBXProject "PageMaking" */ = {
			isa = XCConfigurationList;
			buildConfigurations = (
				E960F68D1D0E766B007011C8 /* Debug */,
				E960F68E1D0E766B007011C8 /* Release */,
			);
			defaultConfigurationIsVisible = 0;
			defaultConfigurationName = Release;
		};
		E960F68F1D0E766B007011C8 /* Build configuration list for PBXNativeTarget "PageMaking" */ = {
			isa = XCConfigurationList;
			buildConfigurations = (
				E960F6901D0E766B007011C8 /* Debug */,
				E960F6911D0E766B007011C8 /* Release */,
			);
			defaultConfigurationIsVisible = 0;
			defaultConfigurationName = Release;
		};
/* End XCConfigurationList section */
	};
	rootObject = E960F6701D0E766A007011C8 /* Project object */;
}
