// !$*UTF8*$!
{
	archiveVersion = 1;
	classes = {
	};
	objectVersion = 46;
	objects = {

/* Begin PBXBuildFile section */
		E9EEBC791D0FA8BF00981F36 /* main.m in Sources */ = {isa = PBXBuildFile; fileRef = E9EEBC781D0FA8BF00981F36 /* main.m */; };
		E9EEBC7C1D0FA8BF00981F36 /* AppDelegate.m in Sources */ = {isa = PBXBuildFile; fileRef = E9EEBC7B1D0FA8BF00981F36 /* AppDelegate.m */; };
		E9EEBC841D0FA8BF00981F36 /* Assets.xcassets in Resources */ = {isa = PBXBuildFile; fileRef = E9EEBC831D0FA8BF00981F36 /* Assets.xcassets */; };
		E9EEBC871D0FA8BF00981F36 /* LaunchScreen.storyboard in Resources */ = {isa = PBXBuildFile; fileRef = E9EEBC851D0FA8BF00981F36 /* LaunchScreen.storyboard */; };
		E9EEBC901D0FAB0F00981F36 /* FirstViewController.m in Sources */ = {isa = PBXBuildFile; fileRef = E9EEBC8F1D0FAB0F00981F36 /* FirstViewController.m */; };
		E9EEBC931D0FAB1900981F36 /* SecondViewController.m in Sources */ = {isa = PBXBuildFile; fileRef = E9EEBC921D0FAB1900981F36 /* SecondViewController.m */; };
		E9EEBC9A1D0FC57600981F36 /* cloud.png in Resources */ = {isa = PBXBuildFile; fileRef = E9EEBC981D0FC57600981F36 /* cloud.png */; };
		E9EEBC9B1D0FC57600981F36 /* home.png in Resources */ = {isa = PBXBuildFile; fileRef = E9EEBC991D0FC57600981F36 /* home.png */; };
		E9EEBCA01D0FD54A00981F36 /* Main.storyboard in Resources */ = {isa = PBXBuildFile; fileRef = E9EEBC9F1D0FD54A00981F36 /* Main.storyboard */; };
/* End PBXBuildFile section */

/* Begin PBXFileReference section */
		E9EEBC741D0FA8BF00981F36 /* TabBar.app */ = {isa = PBXFileReference; explicitFileType = wrapper.application; includeInIndex = 0; path = TabBar.app; sourceTree = BUILT_PRODUCTS_DIR; };
		E9EEBC781D0FA8BF00981F36 /* main.m */ = {isa = PBXFileReference; lastKnownFileType = sourcecode.c.objc; path = main.m; sourceTree = "<group>"; };
		E9EEBC7A1D0FA8BF00981F36 /* AppDelegate.h */ = {isa = PBXFileReference; lastKnownFileType = sourcecode.c.h; path = AppDelegate.h; sourceTree = "<group>"; };
		E9EEBC7B1D0FA8BF00981F36 /* AppDelegate.m */ = {isa = PBXFileReference; lastKnownFileType = sourcecode.c.objc; path = AppDelegate.m; sourceTree = "<group>"; };
		E9EEBC831D0FA8BF00981F36 /* Assets.xcassets */ = {isa = PBXFileReference; lastKnownFileType = folder.assetcatalog; path = Assets.xcassets; sourceTree = "<group>"; };
		E9EEBC861D0FA8BF00981F36 /* Base */ = {isa = PBXFileReference; lastKnownFileType = file.storyboard; name = Base; path = Base.lproj/LaunchScreen.storyboard; sourceTree = "<group>"; };
		E9EEBC881D0FA8BF00981F36 /* Info.plist */ = {isa = PBXFileReference; lastKnownFileType = text.plist.xml; path = Info.plist; sourceTree = "<group>"; };
		E9EEBC8E1D0FAB0F00981F36 /* FirstViewController.h */ = {isa = PBXFileReference; fileEncoding = 4; lastKnownFileType = sourcecode.c.h; path = FirstViewController.h; sourceTree = "<group>"; };
		E9EEBC8F1D0FAB0F00981F36 /* FirstViewController.m */ = {isa = PBXFileReference; fileEncoding = 4; lastKnownFileType = sourcecode.c.objc; path = FirstViewController.m; sourceTree = "<group>"; };
		E9EEBC911D0FAB1900981F36 /* SecondViewController.h */ = {isa = PBXFileReference; fileEncoding = 4; lastKnownFileType = sourcecode.c.h; path = SecondViewController.h; sourceTree = "<group>"; };
		E9EEBC921D0FAB1900981F36 /* SecondViewController.m */ = {isa = PBXFileReference; fileEncoding = 4; lastKnownFileType = sourcecode.c.objc; path = SecondViewController.m; sourceTree = "<group>"; };
		E9EEBC981D0FC57600981F36 /* cloud.png */ = {isa = PBXFileReference; lastKnownFileType = image.png; path = cloud.png; sourceTree = "<group>"; };
		E9EEBC991D0FC57600981F36 /* home.png */ = {isa = PBXFileReference; lastKnownFileType = image.png; path = home.png; sourceTree = "<group>"; };
		E9EEBC9F1D0FD54A00981F36 /* Main.storyboard */ = {isa = PBXFileReference; fileEncoding = 4; lastKnownFileType = file.storyboard; path = Main.storyboard; sourceTree = "<group>"; };
/* End PBXFileReference section */

/* Begin PBXFrameworksBuildPhase section */
		E9EEBC711D0FA8BF00981F36 /* Frameworks */ = {
			isa = PBXFrameworksBuildPhase;
			buildActionMask = 2147483647;
			files = (
			);
			runOnlyForDeploymentPostprocessing = 0;
		};
/* End PBXFrameworksBuildPhase section */

/* Begin PBXGroup section */
		E9EEBC6B1D0FA8BF00981F36 = {
			isa = PBXGroup;
			children = (
				E9EEBC761D0FA8BF00981F36 /* TabBar */,
				E9EEBC751D0FA8BF00981F36 /* Products */,
			);
			sourceTree = "<group>";
		};
		E9EEBC751D0FA8BF00981F36 /* Products */ = {
			isa = PBXGroup;
			children = (
				E9EEBC741D0FA8BF00981F36 /* TabBar.app */,
			);
			name = Products;
			sourceTree = "<group>";
		};
		E9EEBC761D0FA8BF00981F36 /* TabBar */ = {
			isa = PBXGroup;
			children = (
				E9EEBC7A1D0FA8BF00981F36 /* AppDelegate.h */,
				E9EEBC7B1D0FA8BF00981F36 /* AppDelegate.m */,
				E9EEBC8E1D0FAB0F00981F36 /* FirstViewController.h */,
				E9EEBC8F1D0FAB0F00981F36 /* FirstViewController.m */,
				E9EEBC911D0FAB1900981F36 /* SecondViewController.h */,
				E9EEBC921D0FAB1900981F36 /* SecondViewController.m */,
				E9EEBC9F1D0FD54A00981F36 /* Main.storyboard */,
				E9EEBC831D0FA8BF00981F36 /* Assets.xcassets */,
				E9EEBC981D0FC57600981F36 /* cloud.png */,
				E9EEBC991D0FC57600981F36 /* home.png */,
				E9EEBC851D0FA8BF00981F36 /* LaunchScreen.storyboard */,
				E9EEBC881D0FA8BF00981F36 /* Info.plist */,
				E9EEBC771D0FA8BF00981F36 /* Supporting Files */,
			);
			path = TabBar;
			sourceTree = "<group>";
		};
		E9EEBC771D0FA8BF00981F36 /* Supporting Files */ = {
			isa = PBXGroup;
			children = (
				E9EEBC781D0FA8BF00981F36 /* main.m */,
			);
			name = "Supporting Files";
			sourceTree = "<group>";
		};
/* End PBXGroup section */

/* Begin PBXNativeTarget section */
		E9EEBC731D0FA8BF00981F36 /* TabBar */ = {
			isa = PBXNativeTarget;
			buildConfigurationList = E9EEBC8B1D0FA8BF00981F36 /* Build configuration list for PBXNativeTarget "TabBar" */;
			buildPhases = (
				E9EEBC701D0FA8BF00981F36 /* Sources */,
				E9EEBC711D0FA8BF00981F36 /* Frameworks */,
				E9EEBC721D0FA8BF00981F36 /* Resources */,
			);
			buildRules = (
			);
			dependencies = (
			);
			name = TabBar;
			productName = TabBar;
			productReference = E9EEBC741D0FA8BF00981F36 /* TabBar.app */;
			productType = "com.apple.product-type.application";
		};
/* End PBXNativeTarget section */

/* Begin PBXProject section */
		E9EEBC6C1D0FA8BF00981F36 /* Project object */ = {
			isa = PBXProject;
			attributes = {
				LastUpgradeCheck = 0730;
				ORGANIZATIONNAME = "Mijeong Jeon";
				TargetAttributes = {
					E9EEBC731D0FA8BF00981F36 = {
						CreatedOnToolsVersion = 7.3.1;
						DevelopmentTeam = 94NATYLW4X;
					};
				};
			};
			buildConfigurationList = E9EEBC6F1D0FA8BF00981F36 /* Build configuration list for PBXProject "TabBar" */;
			compatibilityVersion = "Xcode 3.2";
			developmentRegion = English;
			hasScannedForEncodings = 0;
			knownRegions = (
				en,
				Base,
			);
			mainGroup = E9EEBC6B1D0FA8BF00981F36;
			productRefGroup = E9EEBC751D0FA8BF00981F36 /* Products */;
			projectDirPath = "";
			projectRoot = "";
			targets = (
				E9EEBC731D0FA8BF00981F36 /* TabBar */,
			);
		};
/* End PBXProject section */

/* Begin PBXResourcesBuildPhase section */
		E9EEBC721D0FA8BF00981F36 /* Resources */ = {
			isa = PBXResourcesBuildPhase;
			buildActionMask = 2147483647;
			files = (
				E9EEBC9B1D0FC57600981F36 /* home.png in Resources */,
				E9EEBC871D0FA8BF00981F36 /* LaunchScreen.storyboard in Resources */,
				E9EEBC841D0FA8BF00981F36 /* Assets.xcassets in Resources */,
				E9EEBC9A1D0FC57600981F36 /* cloud.png in Resources */,
				E9EEBCA01D0FD54A00981F36 /* Main.storyboard in Resources */,
			);
			runOnlyForDeploymentPostprocessing = 0;
		};
/* End PBXResourcesBuildPhase section */

/* Begin PBXSourcesBuildPhase section */
		E9EEBC701D0FA8BF00981F36 /* Sources */ = {
			isa = PBXSourcesBuildPhase;
			buildActionMask = 2147483647;
			files = (
				E9EEBC931D0FAB1900981F36 /* SecondViewController.m in Sources */,
				E9EEBC7C1D0FA8BF00981F36 /* AppDelegate.m in Sources */,
				E9EEBC901D0FAB0F00981F36 /* FirstViewController.m in Sources */,
				E9EEBC791D0FA8BF00981F36 /* main.m in Sources */,
			);
			runOnlyForDeploymentPostprocessing = 0;
		};
/* End PBXSourcesBuildPhase section */

/* Begin PBXVariantGroup section */
		E9EEBC851D0FA8BF00981F36 /* LaunchScreen.storyboard */ = {
			isa = PBXVariantGroup;
			children = (
				E9EEBC861D0FA8BF00981F36 /* Base */,
			);
			name = LaunchScreen.storyboard;
			sourceTree = "<group>";
		};
/* End PBXVariantGroup section */

/* Begin XCBuildConfiguration section */
		E9EEBC891D0FA8BF00981F36 /* Debug */ = {
			isa = XCBuildConfiguration;
			buildSettings = {
				ALWAYS_SEARCH_USER_PATHS = NO;
				CLANG_ANALYZER_NONNULL = YES;
				CLANG_CXX_LANGUAGE_STANDARD = "gnu++0x";
				CLANG_CXX_LIBRARY = "libc++";
				CLANG_ENABLE_MODULES = YES;
				CLANG_ENABLE_OBJC_ARC = YES;
				CLANG_WARN_BOOL_CONVERSION = YES;
				CLANG_WARN_CONSTANT_CONVERSION = YES;
				CLANG_WARN_DIRECT_OBJC_ISA_USAGE = YES_ERROR;
				CLANG_WARN_EMPTY_BODY = YES;
				CLANG_WARN_ENUM_CONVERSION = YES;
				CLANG_WARN_INT_CONVERSION = YES;
				CLANG_WARN_OBJC_ROOT_CLASS = YES_ERROR;
				CLANG_WARN_UNREACHABLE_CODE = YES;
				CLANG_WARN__DUPLICATE_METHOD_MATCH = YES;
				"CODE_SIGN_IDENTITY[sdk=iphoneos*]" = "iPhone Developer";
				COPY_PHASE_STRIP = NO;
				DEBUG_INFORMATION_FORMAT = dwarf;
				ENABLE_STRICT_OBJC_MSGSEND = YES;
				ENABLE_TESTABILITY = YES;
				GCC_C_LANGUAGE_STANDARD = gnu99;
				GCC_DYNAMIC_NO_PIC = NO;
				GCC_NO_COMMON_BLOCKS = YES;
				GCC_OPTIMIZATION_LEVEL = 0;
				GCC_PREPROCESSOR_DEFINITIONS = (
					"DEBUG=1",
					"$(inherited)",
				);
				GCC_WARN_64_TO_32_BIT_CONVERSION = YES;
				GCC_WARN_ABOUT_RETURN_TYPE = YES_ERROR;
				GCC_WARN_UNDECLARED_SELECTOR = YES;
				GCC_WARN_UNINITIALIZED_AUTOS = YES_AGGRESSIVE;
				GCC_WARN_UNUSED_FUNCTION = YES;
				GCC_WARN_UNUSED_VARIABLE = YES;
				IPHONEOS_DEPLOYMENT_TARGET = 9.3;
				MTL_ENABLE_DEBUG_INFO = YES;
				ONLY_ACTIVE_ARCH = YES;
				SDKROOT = iphoneos;
				TARGETED_DEVICE_FAMILY = "1,2";
			};
			name = Debug;
		};
		E9EEBC8A1D0FA8BF00981F36 /* Release */ = {
			isa = XCBuildConfiguration;
			buildSettings = {
				ALWAYS_SEARCH_USER_PATHS = NO;
				CLANG_ANALYZER_NONNULL = YES;
				CLANG_CXX_LANGUAGE_STANDARD = "gnu++0x";
				CLANG_CXX_LIBRARY = "libc++";
				CLANG_ENABLE_MODULES = YES;
				CLANG_ENABLE_OBJC_ARC = YES;
				CLANG_WARN_BOOL_CONVERSION = YES;
				CLANG_WARN_CONSTANT_CONVERSION = YES;
				CLANG_WARN_DIRECT_OBJC_ISA_USAGE = YES_ERROR;
				CLANG_WARN_EMPTY_BODY = YES;
				CLANG_WARN_ENUM_CONVERSION = YES;
				CLANG_WARN_INT_CONVERSION = YES;
				CLANG_WARN_OBJC_ROOT_CLASS = YES_ERROR;
				CLANG_WARN_UNREACHABLE_CODE = YES;
				CLANG_WARN__DUPLICATE_METHOD_MATCH = YES;
				"CODE_SIGN_IDENTITY[sdk=iphoneos*]" = "iPhone Developer";
				COPY_PHASE_STRIP = NO;
				DEBUG_INFORMATION_FORMAT = "dwarf-with-dsym";
				ENABLE_NS_ASSERTIONS = NO;
				ENABLE_STRICT_OBJC_MSGSEND = YES;
				GCC_C_LANGUAGE_STANDARD = gnu99;
				GCC_NO_COMMON_BLOCKS = YES;
				GCC_WARN_64_TO_32_BIT_CONVERSION = YES;
				GCC_WARN_ABOUT_RETURN_TYPE = YES_ERROR;
				GCC_WARN_UNDECLARED_SELECTOR = YES;
				GCC_WARN_UNINITIALIZED_AUTOS = YES_AGGRESSIVE;
				GCC_WARN_UNUSED_FUNCTION = YES;
				GCC_WARN_UNUSED_VARIABLE = YES;
				IPHONEOS_DEPLOYMENT_TARGET = 9.3;
				MTL_ENABLE_DEBUG_INFO = NO;
				SDKROOT = iphoneos;
				TARGETED_DEVICE_FAMILY = "1,2";
				VALIDATE_PRODUCT = YES;
			};
			name = Release;
		};
		E9EEBC8C1D0FA8BF00981F36 /* Debug */ = {
			isa = XCBuildConfiguration;
			buildSettings = {
				ASSETCATALOG_COMPILER_APPICON_NAME = AppIcon;
				INFOPLIST_FILE = TabBar/Info.plist;
				LD_RUNPATH_SEARCH_PATHS = "$(inherited) @executable_path/Frameworks";
				PRODUCT_BUNDLE_IDENTIFIER = com.test.TabBar;
				PRODUCT_NAME = "$(TARGET_NAME)";
			};
			name = Debug;
		};
		E9EEBC8D1D0FA8BF00981F36 /* Release */ = {
			isa = XCBuildConfiguration;
			buildSettings = {
				ASSETCATALOG_COMPILER_APPICON_NAME = AppIcon;
				INFOPLIST_FILE = TabBar/Info.plist;
				LD_RUNPATH_SEARCH_PATHS = "$(inherited) @executable_path/Frameworks";
				PRODUCT_BUNDLE_IDENTIFIER = com.test.TabBar;
				PRODUCT_NAME = "$(TARGET_NAME)";
			};
			name = Release;
		};
/* End XCBuildConfiguration section */

/* Begin XCConfigurationList section */
		E9EEBC6F1D0FA8BF00981F36 /* Build configuration list for PBXProject "TabBar" */ = {
			isa = XCConfigurationList;
			buildConfigurations = (
				E9EEBC891D0FA8BF00981F36 /* Debug */,
				E9EEBC8A1D0FA8BF00981F36 /* Release */,
			);
			defaultConfigurationIsVisible = 0;
			defaultConfigurationName = Release;
		};
		E9EEBC8B1D0FA8BF00981F36 /* Build configuration list for PBXNativeTarget "TabBar" */ = {
			isa = XCConfigurationList;
			buildConfigurations = (
				E9EEBC8C1D0FA8BF00981F36 /* Debug */,
				E9EEBC8D1D0FA8BF00981F36 /* Release */,
			);
			defaultConfigurationIsVisible = 0;
			defaultConfigurationName = Release;
		};
/* End XCConfigurationList section */
	};
	rootObject = E9EEBC6C1D0FA8BF00981F36 /* Project object */;
}
